{
  "name": "14-consume-our-npm-package",
  "version": "1.0.0",
  "lockfileVersion": 3,
  "requires": true,
  "packages": {
    "": {
      "name": "14-consume-our-npm-package",
      "version": "1.0.0",
      "license": "ISC",
      "dependencies": {
        "shaharsol-fmr-password-generator": "^1.0.0"
      }
    },
    "node_modules/shaharsol-fmr-password-generator": {
      "version": "1.0.0",
      "resolved": "https://registry.npmjs.org/shaharsol-fmr-password-generator/-/shaharsol-fmr-password-generator-1.0.0.tgz",
      "integrity": "sha512-jagNaiKPK1/2PpW1oDzi+2iYPu4d9yGXdqPV+udqj4bz6sh+dl50XAhyTxR9XEx7Uqcfc3LoYhfqQDLMJcFedw==",
      "license": "ISC"
    }
  }
}
